
Microsoft Visual Studio Solution File, Format Version 12.00
# Visual Studio 14
VisualStudioVersion = 14.0.25420.1
MinimumVisualStudioVersion = 10.0.40219.1
Project("{FAE04EC0-301F-11D3-BF4B-00C04F79EFBC}") = "clases 2 estudianteprimaria", "clases 2 estudianteprimaria\clases 2 estudianteprimaria.csproj", "{B68472E6-D21E-491F-88B9-18E3A6EC6DDB}"
EndProject
Global
	GlobalSection(SolutionConfigurationPlatforms) = preSolution
		Debug|Any CPU = Debug|Any CPU
		Release|Any CPU = Release|Any CPU
	EndGlobalSection
	GlobalSection(ProjectConfigurationPlatforms) = postSolution
		{B68472E6-D21E-491F-88B9-18E3A6EC6DDB}.Debug|Any CPU.ActiveCfg = Debug|Any CPU
		{B68472E6-D21E-491F-88B9-18E3A6EC6DDB}.Debug|Any CPU.Build.0 = Debug|Any CPU
		{B68472E6-D21E-491F-88B9-18E3A6EC6DDB}.Release|Any CPU.ActiveCfg = Release|Any CPU
		{B68472E6-D21E-491F-88B9-18E3A6EC6DDB}.Release|Any CPU.Build.0 = Release|Any CPU
	EndGlobalSection
	GlobalSection(SolutionProperties) = preSolution
		HideSolutionNode = FALSE
	EndGlobalSection
EndGlobal
